// !$*UTF8*$!
{
	archiveVersion = 1;
	classes = {
	};
	objectVersion = 50;
	objects = {

/* Begin PBXBuildFile section */
		2347B8F52930EE5200EE7C95 /* AppDelegate.swift in Sources */ = {isa = PBXBuildFile; fileRef = 2347B8F42930EE5200EE7C95 /* AppDelegate.swift */; };
		2347B8F72930EE5200EE7C95 /* SceneDelegate.swift in Sources */ = {isa = PBXBuildFile; fileRef = 2347B8F62930EE5200EE7C95 /* SceneDelegate.swift */; };
		2347B8F92930EE5200EE7C95 /* ViewController.swift in Sources */ = {isa = PBXBuildFile; fileRef = 2347B8F82930EE5200EE7C95 /* ViewController.swift */; };
		2347B8FC2930EE5200EE7C95 /* Main.storyboard in Resources */ = {isa = PBXBuildFile; fileRef = 2347B8FA2930EE5200EE7C95 /* Main.storyboard */; };
		2347B8FE2930EE5400EE7C95 /* Assets.xcassets in Resources */ = {isa = PBXBuildFile; fileRef = 2347B8FD2930EE5400EE7C95 /* Assets.xcassets */; };
		2347B9012930EE5400EE7C95 /* LaunchScreen.storyboard in Resources */ = {isa = PBXBuildFile; fileRef = 2347B8FF2930EE5400EE7C95 /* LaunchScreen.storyboard */; };
/* End PBXBuildFile section */

/* Begin PBXFileReference section */
		2347B8F12930EE5200EE7C95 /* DI_B_02_Ejemplo02_Almacen de Relojes.app */ = {isa = PBXFileReference; explicitFileType = wrapper.application; includeInIndex = 0; path = "DI_B_02_Ejemplo02_Almacen de Relojes.app"; sourceTree = BUILT_PRODUCTS_DIR; };
		2347B8F42930EE5200EE7C95 /* AppDelegate.swift */ = {isa = PBXFileReference; lastKnownFileType = sourcecode.swift; path = AppDelegate.swift; sourceTree = "<group>"; };
		2347B8F62930EE5200EE7C95 /* SceneDelegate.swift */ = {isa = PBXFileReference; lastKnownFileType = sourcecode.swift; path = SceneDelegate.swift; sourceTree = "<group>"; };
		2347B8F82930EE5200EE7C95 /* ViewController.swift */ = {isa = PBXFileReference; lastKnownFileType = sourcecode.swift; path = ViewController.swift; sourceTree = "<group>"; };
		2347B8FB2930EE5200EE7C95 /* Base */ = {isa = PBXFileReference; lastKnownFileType = file.storyboard; name = Base; path = Base.lproj/Main.storyboard; sourceTree = "<group>"; };
		2347B8FD2930EE5400EE7C95 /* Assets.xcassets */ = {isa = PBXFileReference; lastKnownFileType = folder.assetcatalog; path = Assets.xcassets; sourceTree = "<group>"; };
		2347B9002930EE5400EE7C95 /* Base */ = {isa = PBXFileReference; lastKnownFileType = file.storyboard; name = Base; path = Base.lproj/LaunchScreen.storyboard; sourceTree = "<group>"; };
		2347B9022930EE5400EE7C95 /* Info.plist */ = {isa = PBXFileReference; lastKnownFileType = text.plist.xml; path = Info.plist; sourceTree = "<group>"; };
/* End PBXFileReference section */

/* Begin PBXFrameworksBuildPhase section */
		2347B8EE2930EE5200EE7C95 /* Frameworks */ = {
			isa = PBXFrameworksBuildPhase;
			buildActionMask = 2147483647;
			files = (
			);
			runOnlyForDeploymentPostprocessing = 0;
		};
/* End PBXFrameworksBuildPhase section */

/* Begin PBXGroup section */
		2347B8E82930EE5200EE7C95 = {
			isa = PBXGroup;
			children = (
				2347B8F32930EE5200EE7C95 /* DI_B_02_Ejemplo02_Almacen de Relojes */,
				2347B8F22930EE5200EE7C95 /* Products */,
			);
			sourceTree = "<group>";
		};
		2347B8F22930EE5200EE7C95 /* Products */ = {
			isa = PBXGroup;
			children = (
				2347B8F12930EE5200EE7C95 /* DI_B_02_Ejemplo02_Almacen de Relojes.app */,
			);
			name = Products;
			sourceTree = "<group>";
		};
		2347B8F32930EE5200EE7C95 /* DI_B_02_Ejemplo02_Almacen de Relojes */ = {
			isa = PBXGroup;
			children = (
				2347B8F42930EE5200EE7C95 /* AppDelegate.swift */,
				2347B8F62930EE5200EE7C95 /* SceneDelegate.swift */,
				2347B8F82930EE5200EE7C95 /* ViewController.swift */,
				2347B8FA2930EE5200EE7C95 /* Main.storyboard */,
				2347B8FD2930EE5400EE7C95 /* Assets.xcassets */,
				2347B8FF2930EE5400EE7C95 /* LaunchScreen.storyboard */,
				2347B9022930EE5400EE7C95 /* Info.plist */,
			);
			path = "DI_B_02_Ejemplo02_Almacen de Relojes";
			sourceTree = "<group>";
		};
/* End PBXGroup section */

/* Begin PBXNativeTarget section */
		2347B8F02930EE5200EE7C95 /* DI_B_02_Ejemplo02_Almacen de Relojes */ = {
			isa = PBXNativeTarget;
			buildConfigurationList = 2347B9052930EE5400EE7C95 /* Build configuration list for PBXNativeTarget "DI_B_02_Ejemplo02_Almacen de Relojes" */;
			buildPhases = (
				2347B8ED2930EE5200EE7C95 /* Sources */,
				2347B8EE2930EE5200EE7C95 /* Frameworks */,
				2347B8EF2930EE5200EE7C95 /* Resources */,
			);
			buildRules = (
			);
			dependencies = (
			);
			name = "DI_B_02_Ejemplo02_Almacen de Relojes";
			productName = "DI_B_02_Ejemplo02_Almacen de Relojes";
			productReference = 2347B8F12930EE5200EE7C95 /* DI_B_02_Ejemplo02_Almacen de Relojes.app */;
			productType = "com.apple.product-type.application";
		};
/* End PBXNativeTarget section */

/* Begin PBXProject section */
		2347B8E92930EE5200EE7C95 /* Project object */ = {
			isa = PBXProject;
			attributes = {
				LastSwiftUpdateCheck = 1240;
				LastUpgradeCheck = 1240;
				TargetAttributes = {
					2347B8F02930EE5200EE7C95 = {
						CreatedOnToolsVersion = 12.4;
					};
				};
			};
			buildConfigurationList = 2347B8EC2930EE5200EE7C95 /* Build configuration list for PBXProject "DI_B_02_Ejemplo02_Almacen de Relojes" */;
			compatibilityVersion = "Xcode 9.3";
			developmentRegion = en;
			hasScannedForEncodings = 0;
			knownRegions = (
				en,
				Base,
			);
			mainGroup = 2347B8E82930EE5200EE7C95;
			productRefGroup = 2347B8F22930EE5200EE7C95 /* Products */;
			projectDirPath = "";
			projectRoot = "";
			targets = (
				2347B8F02930EE5200EE7C95 /* DI_B_02_Ejemplo02_Almacen de Relojes */,
			);
		};
/* End PBXProject section */

/* Begin PBXResourcesBuildPhase section */
		2347B8EF2930EE5200EE7C95 /* Resources */ = {
			isa = PBXResourcesBuildPhase;
			buildActionMask = 2147483647;
			files = (
				2347B9012930EE5400EE7C95 /* LaunchScreen.storyboard in Resources */,
				2347B8FE2930EE5400EE7C95 /* Assets.xcassets in Resources */,
				2347B8FC2930EE5200EE7C95 /* Main.storyboard in Resources */,
			);
			runOnlyForDeploymentPostprocessing = 0;
		};
/* End PBXResourcesBuildPhase section */

/* Begin PBXSourcesBuildPhase section */
		2347B8ED2930EE5200EE7C95 /* Sources */ = {
			isa = PBXSourcesBuildPhase;
			buildActionMask = 2147483647;
			files = (
				2347B8F92930EE5200EE7C95 /* ViewController.swift in Sources */,
				2347B8F52930EE5200EE7C95 /* AppDelegate.swift in Sources */,
				2347B8F72930EE5200EE7C95 /* SceneDelegate.swift in Sources */,
			);
			runOnlyForDeploymentPostprocessing = 0;
		};
/* End PBXSourcesBuildPhase section */

/* Begin PBXVariantGroup section */
		2347B8FA2930EE5200EE7C95 /* Main.storyboard */ = {
			isa = PBXVariantGroup;
			children = (
				2347B8FB2930EE5200EE7C95 /* Base */,
			);
			name = Main.storyboard;
			sourceTree = "<group>";
		};
		2347B8FF2930EE5400EE7C95 /* LaunchScreen.storyboard */ = {
			isa = PBXVariantGroup;
			children = (
				2347B9002930EE5400EE7C95 /* Base */,
			);
			name = LaunchScreen.storyboard;
			sourceTree = "<group>";
		};
/* End PBXVariantGroup section */

/* Begin XCBuildConfiguration section */
		2347B9032930EE5400EE7C95 /* Debug */ = {
			isa = XCBuildConfiguration;
			buildSettings = {
				ALWAYS_SEARCH_USER_PATHS = NO;
				CLANG_ANALYZER_NONNULL = YES;
				CLANG_ANALYZER_NUMBER_OBJECT_CONVERSION = YES_AGGRESSIVE;
				CLANG_CXX_LANGUAGE_STANDARD = "gnu++14";
				CLANG_CXX_LIBRARY = "libc++";
				CLANG_ENABLE_MODULES = YES;
				CLANG_ENABLE_OBJC_ARC = YES;
				CLANG_ENABLE_OBJC_WEAK = YES;
				CLANG_WARN_BLOCK_CAPTURE_AUTORELEASING = YES;
				CLANG_WARN_BOOL_CONVERSION = YES;
				CLANG_WARN_COMMA = YES;
				CLANG_WARN_CONSTANT_CONVERSION = YES;
				CLANG_WARN_DEPRECATED_OBJC_IMPLEMENTATIONS = YES;
				CLANG_WARN_DIRECT_OBJC_ISA_USAGE = YES_ERROR;
				CLANG_WARN_DOCUMENTATION_COMMENTS = YES;
				CLANG_WARN_EMPTY_BODY = YES;
				CLANG_WARN_ENUM_CONVERSION = YES;
				CLANG_WARN_INFINITE_RECURSION = YES;
				CLANG_WARN_INT_CONVERSION = YES;
				CLANG_WARN_NON_LITERAL_NULL_CONVERSION = YES;
				CLANG_WARN_OBJC_IMPLICIT_RETAIN_SELF = YES;
				CLANG_WARN_OBJC_LITERAL_CONVERSION = YES;
				CLANG_WARN_OBJC_ROOT_CLASS = YES_ERROR;
				CLANG_WARN_QUOTED_INCLUDE_IN_FRAMEWORK_HEADER = YES;
				CLANG_WARN_RANGE_LOOP_ANALYSIS = YES;
				CLANG_WARN_STRICT_PROTOTYPES = YES;
				CLANG_WARN_SUSPICIOUS_MOVE = YES;
				CLANG_WARN_UNGUARDED_AVAILABILITY = YES_AGGRESSIVE;
				CLANG_WARN_UNREACHABLE_CODE = YES;
				CLANG_WARN__DUPLICATE_METHOD_MATCH = YES;
				COPY_PHASE_STRIP = NO;
				DEBUG_INFORMATION_FORMAT = dwarf;
				ENABLE_STRICT_OBJC_MSGSEND = YES;
				ENABLE_TESTABILITY = YES;
				GCC_C_LANGUAGE_STANDARD = gnu11;
				GCC_DYNAMIC_NO_PIC = NO;
				GCC_NO_COMMON_BLOCKS = YES;
				GCC_OPTIMIZATION_LEVEL = 0;
				GCC_PREPROCESSOR_DEFINITIONS = (
					"DEBUG=1",
					"$(inherited)",
				);
				GCC_WARN_64_TO_32_BIT_CONVERSION = YES;
				GCC_WARN_ABOUT_RETURN_TYPE = YES_ERROR;
				GCC_WARN_UNDECLARED_SELECTOR = YES;
				GCC_WARN_UNINITIALIZED_AUTOS = YES_AGGRESSIVE;
				GCC_WARN_UNUSED_FUNCTION = YES;
				GCC_WARN_UNUSED_VARIABLE = YES;
				IPHONEOS_DEPLOYMENT_TARGET = 14.4;
				MTL_ENABLE_DEBUG_INFO = INCLUDE_SOURCE;
				MTL_FAST_MATH = YES;
				ONLY_ACTIVE_ARCH = YES;
				SDKROOT = iphoneos;
				SWIFT_ACTIVE_COMPILATION_CONDITIONS = DEBUG;
				SWIFT_OPTIMIZATION_LEVEL = "-Onone";
			};
			name = Debug;
		};
		2347B9042930EE5400EE7C95 /* Release */ = {
			isa = XCBuildConfiguration;
			buildSettings = {
				ALWAYS_SEARCH_USER_PATHS = NO;
				CLANG_ANALYZER_NONNULL = YES;
				CLANG_ANALYZER_NUMBER_OBJECT_CONVERSION = YES_AGGRESSIVE;
				CLANG_CXX_LANGUAGE_STANDARD = "gnu++14";
				CLANG_CXX_LIBRARY = "libc++";
				CLANG_ENABLE_MODULES = YES;
				CLANG_ENABLE_OBJC_ARC = YES;
				CLANG_ENABLE_OBJC_WEAK = YES;
				CLANG_WARN_BLOCK_CAPTURE_AUTORELEASING = YES;
				CLANG_WARN_BOOL_CONVERSION = YES;
				CLANG_WARN_COMMA = YES;
				CLANG_WARN_CONSTANT_CONVERSION = YES;
				CLANG_WARN_DEPRECATED_OBJC_IMPLEMENTATIONS = YES;
				CLANG_WARN_DIRECT_OBJC_ISA_USAGE = YES_ERROR;
				CLANG_WARN_DOCUMENTATION_COMMENTS = YES;
				CLANG_WARN_EMPTY_BODY = YES;
				CLANG_WARN_ENUM_CONVERSION = YES;
				CLANG_WARN_INFINITE_RECURSION = YES;
				CLANG_WARN_INT_CONVERSION = YES;
				CLANG_WARN_NON_LITERAL_NULL_CONVERSION = YES;
				CLANG_WARN_OBJC_IMPLICIT_RETAIN_SELF = YES;
				CLANG_WARN_OBJC_LITERAL_CONVERSION = YES;
				CLANG_WARN_OBJC_ROOT_CLASS = YES_ERROR;
				CLANG_WARN_QUOTED_INCLUDE_IN_FRAMEWORK_HEADER = YES;
				CLANG_WARN_RANGE_LOOP_ANALYSIS = YES;
				CLANG_WARN_STRICT_PROTOTYPES = YES;
				CLANG_WARN_SUSPICIOUS_MOVE = YES;
				CLANG_WARN_UNGUARDED_AVAILABILITY = YES_AGGRESSIVE;
				CLANG_WARN_UNREACHABLE_CODE = YES;
				CLANG_WARN__DUPLICATE_METHOD_MATCH = YES;
				COPY_PHASE_STRIP = NO;
				DEBUG_INFORMATION_FORMAT = "dwarf-with-dsym";
				ENABLE_NS_ASSERTIONS = NO;
				ENABLE_STRICT_OBJC_MSGSEND = YES;
				GCC_C_LANGUAGE_STANDARD = gnu11;
				GCC_NO_COMMON_BLOCKS = YES;
				GCC_WARN_64_TO_32_BIT_CONVERSION = YES;
				GCC_WARN_ABOUT_RETURN_TYPE = YES_ERROR;
				GCC_WARN_UNDECLARED_SELECTOR = YES;
				GCC_WARN_UNINITIALIZED_AUTOS = YES_AGGRESSIVE;
				GCC_WARN_UNUSED_FUNCTION = YES;
				GCC_WARN_UNUSED_VARIABLE = YES;
				IPHONEOS_DEPLOYMENT_TARGET = 14.4;
				MTL_ENABLE_DEBUG_INFO = NO;
				MTL_FAST_MATH = YES;
				SDKROOT = iphoneos;
				SWIFT_COMPILATION_MODE = wholemodule;
				SWIFT_OPTIMIZATION_LEVEL = "-O";
				VALIDATE_PRODUCT = YES;
			};
			name = Release;
		};
		2347B9062930EE5400EE7C95 /* Debug */ = {
			isa = XCBuildConfiguration;
			buildSettings = {
				ASSETCATALOG_COMPILER_APPICON_NAME = AppIcon;
				ASSETCATALOG_COMPILER_GLOBAL_ACCENT_COLOR_NAME = AccentColor;
				CODE_SIGN_STYLE = Automatic;
				INFOPLIST_FILE = "DI_B_02_Ejemplo02_Almacen de Relojes/Info.plist";
				LD_RUNPATH_SEARCH_PATHS = (
					"$(inherited)",
					"@executable_path/Frameworks",
				);
				PRODUCT_BUNDLE_IDENTIFIER = "com.cieep.DI-B-02-Ejemplo02-Almacen-de-Relojes";
				PRODUCT_NAME = "$(TARGET_NAME)";
				SWIFT_VERSION = 5.0;
				TARGETED_DEVICE_FAMILY = "1,2";
			};
			name = Debug;
		};
		2347B9072930EE5400EE7C95 /* Release */ = {
			isa = XCBuildConfiguration;
			buildSettings = {
				ASSETCATALOG_COMPILER_APPICON_NAME = AppIcon;
				ASSETCATALOG_COMPILER_GLOBAL_ACCENT_COLOR_NAME = AccentColor;
				CODE_SIGN_STYLE = Automatic;
				INFOPLIST_FILE = "DI_B_02_Ejemplo02_Almacen de Relojes/Info.plist";
				LD_RUNPATH_SEARCH_PATHS = (
					"$(inherited)",
					"@executable_path/Frameworks",
				);
				PRODUCT_BUNDLE_IDENTIFIER = "com.cieep.DI-B-02-Ejemplo02-Almacen-de-Relojes";
				PRODUCT_NAME = "$(TARGET_NAME)";
				SWIFT_VERSION = 5.0;
				TARGETED_DEVICE_FAMILY = "1,2";
			};
			name = Release;
		};
/* End XCBuildConfiguration section */

/* Begin XCConfigurationList section */
		2347B8EC2930EE5200EE7C95 /* Build configuration list for PBXProject "DI_B_02_Ejemplo02_Almacen de Relojes" */ = {
			isa = XCConfigurationList;
			buildConfigurations = (
				2347B9032930EE5400EE7C95 /* Debug */,
				2347B9042930EE5400EE7C95 /* Release */,
			);
			defaultConfigurationIsVisible = 0;
			defaultConfigurationName = Release;
		};
		2347B9052930EE5400EE7C95 /* Build configuration list for PBXNativeTarget "DI_B_02_Ejemplo02_Almacen de Relojes" */ = {
			isa = XCConfigurationList;
			buildConfigurations = (
				2347B9062930EE5400EE7C95 /* Debug */,
				2347B9072930EE5400EE7C95 /* Release */,
			);
			defaultConfigurationIsVisible = 0;
			defaultConfigurationName = Release;
		};
/* End XCConfigurationList section */
	};
	rootObject = 2347B8E92930EE5200EE7C95 /* Project object */;
}
